// !$*UTF8*$!
{
	archiveVersion = 1;
	classes = {
	};
	objectVersion = 50;
	objects = {

/* Begin PBXBuildFile section */
		668AED502758487D0059F7A9 /* adamsCalcUpdatedApp.swift in Sources */ = {isa = PBXBuildFile; fileRef = 668AED4F2758487D0059F7A9 /* adamsCalcUpdatedApp.swift */; };
		668AED522758487D0059F7A9 /* HomeView.swift in Sources */ = {isa = PBXBuildFile; fileRef = 668AED512758487D0059F7A9 /* HomeView.swift */; };
		668AED542758487F0059F7A9 /* Assets.xcassets in Resources */ = {isa = PBXBuildFile; fileRef = 668AED532758487F0059F7A9 /* Assets.xcassets */; };
		668AED572758487F0059F7A9 /* Preview Assets.xcassets in Resources */ = {isa = PBXBuildFile; fileRef = 668AED562758487F0059F7A9 /* Preview Assets.xcassets */; };
		668AED5F275848B40059F7A9 /* CalculatorModel.swift in Sources */ = {isa = PBXBuildFile; fileRef = 668AED5E275848B40059F7A9 /* CalculatorModel.swift */; };
		668AED62275856B90059F7A9 /* CurrentOperationStringView.swift in Sources */ = {isa = PBXBuildFile; fileRef = 668AED61275856B90059F7A9 /* CurrentOperationStringView.swift */; };
		668AED64275887A00059F7A9 /* NumberPadButtonsView.swift in Sources */ = {isa = PBXBuildFile; fileRef = 668AED63275887A00059F7A9 /* NumberPadButtonsView.swift */; };
		668AED66275887E10059F7A9 /* OperatorButtonsView.swift in Sources */ = {isa = PBXBuildFile; fileRef = 668AED65275887E10059F7A9 /* OperatorButtonsView.swift */; };
/* End PBXBuildFile section */

/* Begin PBXFileReference section */
		668AED4C2758487D0059F7A9 /* adamsCalcUpdated.app */ = {isa = PBXFileReference; explicitFileType = wrapper.application; includeInIndex = 0; path = adamsCalcUpdated.app; sourceTree = BUILT_PRODUCTS_DIR; };
		668AED4F2758487D0059F7A9 /* adamsCalcUpdatedApp.swift */ = {isa = PBXFileReference; lastKnownFileType = sourcecode.swift; path = adamsCalcUpdatedApp.swift; sourceTree = "<group>"; };
		668AED512758487D0059F7A9 /* HomeView.swift */ = {isa = PBXFileReference; lastKnownFileType = sourcecode.swift; path = HomeView.swift; sourceTree = "<group>"; };
		668AED532758487F0059F7A9 /* Assets.xcassets */ = {isa = PBXFileReference; lastKnownFileType = folder.assetcatalog; path = Assets.xcassets; sourceTree = "<group>"; };
		668AED562758487F0059F7A9 /* Preview Assets.xcassets */ = {isa = PBXFileReference; lastKnownFileType = folder.assetcatalog; path = "Preview Assets.xcassets"; sourceTree = "<group>"; };
		668AED582758487F0059F7A9 /* Info.plist */ = {isa = PBXFileReference; lastKnownFileType = text.plist.xml; path = Info.plist; sourceTree = "<group>"; };
		668AED5E275848B40059F7A9 /* CalculatorModel.swift */ = {isa = PBXFileReference; lastKnownFileType = sourcecode.swift; path = CalculatorModel.swift; sourceTree = "<group>"; };
		668AED61275856B90059F7A9 /* CurrentOperationStringView.swift */ = {isa = PBXFileReference; lastKnownFileType = sourcecode.swift; path = CurrentOperationStringView.swift; sourceTree = "<group>"; };
		668AED63275887A00059F7A9 /* NumberPadButtonsView.swift */ = {isa = PBXFileReference; lastKnownFileType = sourcecode.swift; path = NumberPadButtonsView.swift; sourceTree = "<group>"; };
		668AED65275887E10059F7A9 /* OperatorButtonsView.swift */ = {isa = PBXFileReference; lastKnownFileType = sourcecode.swift; path = OperatorButtonsView.swift; sourceTree = "<group>"; };
/* End PBXFileReference section */

/* Begin PBXFrameworksBuildPhase section */
		668AED492758487D0059F7A9 /* Frameworks */ = {
			isa = PBXFrameworksBuildPhase;
			buildActionMask = 2147483647;
			files = (
			);
			runOnlyForDeploymentPostprocessing = 0;
		};
/* End PBXFrameworksBuildPhase section */

/* Begin PBXGroup section */
		668AED432758487D0059F7A9 = {
			isa = PBXGroup;
			children = (
				668AED4E2758487D0059F7A9 /* adamsCalcUpdated */,
				668AED4D2758487D0059F7A9 /* Products */,
			);
			sourceTree = "<group>";
		};
		668AED4D2758487D0059F7A9 /* Products */ = {
			isa = PBXGroup;
			children = (
				668AED4C2758487D0059F7A9 /* adamsCalcUpdated.app */,
			);
			name = Products;
			sourceTree = "<group>";
		};
		668AED4E2758487D0059F7A9 /* adamsCalcUpdated */ = {
			isa = PBXGroup;
			children = (
				668AED60275856AC0059F7A9 /* CustomViews */,
				668AED4F2758487D0059F7A9 /* adamsCalcUpdatedApp.swift */,
				668AED512758487D0059F7A9 /* HomeView.swift */,
				668AED5E275848B40059F7A9 /* CalculatorModel.swift */,
				668AED532758487F0059F7A9 /* Assets.xcassets */,
				668AED582758487F0059F7A9 /* Info.plist */,
				668AED552758487F0059F7A9 /* Preview Content */,
			);
			path = adamsCalcUpdated;
			sourceTree = "<group>";
		};
		668AED552758487F0059F7A9 /* Preview Content */ = {
			isa = PBXGroup;
			children = (
				668AED562758487F0059F7A9 /* Preview Assets.xcassets */,
			);
			path = "Preview Content";
			sourceTree = "<group>";
		};
		668AED60275856AC0059F7A9 /* CustomViews */ = {
			isa = PBXGroup;
			children = (
				668AED61275856B90059F7A9 /* CurrentOperationStringView.swift */,
				668AED63275887A00059F7A9 /* NumberPadButtonsView.swift */,
				668AED65275887E10059F7A9 /* OperatorButtonsView.swift */,
			);
			path = CustomViews;
			sourceTree = "<group>";
		};
/* End PBXGroup section */

/* Begin PBXNativeTarget section */
		668AED4B2758487D0059F7A9 /* adamsCalcUpdated */ = {
			isa = PBXNativeTarget;
			buildConfigurationList = 668AED5B2758487F0059F7A9 /* Build configuration list for PBXNativeTarget "adamsCalcUpdated" */;
			buildPhases = (
				668AED482758487D0059F7A9 /* Sources */,
				668AED492758487D0059F7A9 /* Frameworks */,
				668AED4A2758487D0059F7A9 /* Resources */,
			);
			buildRules = (
			);
			dependencies = (
			);
			name = adamsCalcUpdated;
			productName = adamsCalcUpdated;
			productReference = 668AED4C2758487D0059F7A9 /* adamsCalcUpdated.app */;
			productType = "com.apple.product-type.application";
		};
/* End PBXNativeTarget section */

/* Begin PBXProject section */
		668AED442758487D0059F7A9 /* Project object */ = {
			isa = PBXProject;
			attributes = {
				LastSwiftUpdateCheck = 1250;
				LastUpgradeCheck = 1250;
				TargetAttributes = {
					668AED4B2758487D0059F7A9 = {
						CreatedOnToolsVersion = 12.5.1;
					};
				};
			};
			buildConfigurationList = 668AED472758487D0059F7A9 /* Build configuration list for PBXProject "adamsCalcUpdated" */;
			compatibilityVersion = "Xcode 9.3";
			developmentRegion = en;
			hasScannedForEncodings = 0;
			knownRegions = (
				en,
				Base,
			);
			mainGroup = 668AED432758487D0059F7A9;
			productRefGroup = 668AED4D2758487D0059F7A9 /* Products */;
			projectDirPath = "";
			projectRoot = "";
			targets = (
				668AED4B2758487D0059F7A9 /* adamsCalcUpdated */,
			);
		};
/* End PBXProject section */

/* Begin PBXResourcesBuildPhase section */
		668AED4A2758487D0059F7A9 /* Resources */ = {
			isa = PBXResourcesBuildPhase;
			buildActionMask = 2147483647;
			files = (
				668AED572758487F0059F7A9 /* Preview Assets.xcassets in Resources */,
				668AED542758487F0059F7A9 /* Assets.xcassets in Resources */,
			);
			runOnlyForDeploymentPostprocessing = 0;
		};
/* End PBXResourcesBuildPhase section */

/* Begin PBXSourcesBuildPhase section */
		668AED482758487D0059F7A9 /* Sources */ = {
			isa = PBXSourcesBuildPhase;
			buildActionMask = 2147483647;
			files = (
				668AED66275887E10059F7A9 /* OperatorButtonsView.swift in Sources */,
				668AED5F275848B40059F7A9 /* CalculatorModel.swift in Sources */,
				668AED522758487D0059F7A9 /* HomeView.swift in Sources */,
				668AED62275856B90059F7A9 /* CurrentOperationStringView.swift in Sources */,
				668AED502758487D0059F7A9 /* adamsCalcUpdatedApp.swift in Sources */,
				668AED64275887A00059F7A9 /* NumberPadButtonsView.swift in Sources */,
			);
			runOnlyForDeploymentPostprocessing = 0;
		};
/* End PBXSourcesBuildPhase section */

/* Begin XCBuildConfiguration section */
		668AED592758487F0059F7A9 /* Debug */ = {
			isa = XCBuildConfiguration;
			buildSettings = {
				ALWAYS_SEARCH_USER_PATHS = NO;
				CLANG_ANALYZER_NONNULL = YES;
				CLANG_ANALYZER_NUMBER_OBJECT_CONVERSION = YES_AGGRESSIVE;
				CLANG_CXX_LANGUAGE_STANDARD = "gnu++14";
				CLANG_CXX_LIBRARY = "libc++";
				CLANG_ENABLE_MODULES = YES;
				CLANG_ENABLE_OBJC_ARC = YES;
				CLANG_ENABLE_OBJC_WEAK = YES;
				CLANG_WARN_BLOCK_CAPTURE_AUTORELEASING = YES;
				CLANG_WARN_BOOL_CONVERSION = YES;
				CLANG_WARN_COMMA = YES;
				CLANG_WARN_CONSTANT_CONVERSION = YES;
				CLANG_WARN_DEPRECATED_OBJC_IMPLEMENTATIONS = YES;
				CLANG_WARN_DIRECT_OBJC_ISA_USAGE = YES_ERROR;
				CLANG_WARN_DOCUMENTATION_COMMENTS = YES;
				CLANG_WARN_EMPTY_BODY = YES;
				CLANG_WARN_ENUM_CONVERSION = YES;
				CLANG_WARN_INFINITE_RECURSION = YES;
				CLANG_WARN_INT_CONVERSION = YES;
				CLANG_WARN_NON_LITERAL_NULL_CONVERSION = YES;
				CLANG_WARN_OBJC_IMPLICIT_RETAIN_SELF = YES;
				CLANG_WARN_OBJC_LITERAL_CONVERSION = YES;
				CLANG_WARN_OBJC_ROOT_CLASS = YES_ERROR;
				CLANG_WARN_QUOTED_INCLUDE_IN_FRAMEWORK_HEADER = YES;
				CLANG_WARN_RANGE_LOOP_ANALYSIS = YES;
				CLANG_WARN_STRICT_PROTOTYPES = YES;
				CLANG_WARN_SUSPICIOUS_MOVE = YES;
				CLANG_WARN_UNGUARDED_AVAILABILITY = YES_AGGRESSIVE;
				CLANG_WARN_UNREACHABLE_CODE = YES;
				CLANG_WARN__DUPLICATE_METHOD_MATCH = YES;
				COPY_PHASE_STRIP = NO;
				DEBUG_INFORMATION_FORMAT = dwarf;
				ENABLE_STRICT_OBJC_MSGSEND = YES;
				ENABLE_TESTABILITY = YES;
				GCC_C_LANGUAGE_STANDARD = gnu11;
				GCC_DYNAMIC_NO_PIC = NO;
				GCC_NO_COMMON_BLOCKS = YES;
				GCC_OPTIMIZATION_LEVEL = 0;
				GCC_PREPROCESSOR_DEFINITIONS = (
					"DEBUG=1",
					"$(inherited)",
				);
				GCC_WARN_64_TO_32_BIT_CONVERSION = YES;
				GCC_WARN_ABOUT_RETURN_TYPE = YES_ERROR;
				GCC_WARN_UNDECLARED_SELECTOR = YES;
				GCC_WARN_UNINITIALIZED_AUTOS = YES_AGGRESSIVE;
				GCC_WARN_UNUSED_FUNCTION = YES;
				GCC_WARN_UNUSED_VARIABLE = YES;
				IPHONEOS_DEPLOYMENT_TARGET = 14.5;
				MTL_ENABLE_DEBUG_INFO = INCLUDE_SOURCE;
				MTL_FAST_MATH = YES;
				ONLY_ACTIVE_ARCH = YES;
				SDKROOT = iphoneos;
				SWIFT_ACTIVE_COMPILATION_CONDITIONS = DEBUG;
				SWIFT_OPTIMIZATION_LEVEL = "-Onone";
			};
			name = Debug;
		};
		668AED5A2758487F0059F7A9 /* Release */ = {
			isa = XCBuildConfiguration;
			buildSettings = {
				ALWAYS_SEARCH_USER_PATHS = NO;
				CLANG_ANALYZER_NONNULL = YES;
				CLANG_ANALYZER_NUMBER_OBJECT_CONVERSION = YES_AGGRESSIVE;
				CLANG_CXX_LANGUAGE_STANDARD = "gnu++14";
				CLANG_CXX_LIBRARY = "libc++";
				CLANG_ENABLE_MODULES = YES;
				CLANG_ENABLE_OBJC_ARC = YES;
				CLANG_ENABLE_OBJC_WEAK = YES;
				CLANG_WARN_BLOCK_CAPTURE_AUTORELEASING = YES;
				CLANG_WARN_BOOL_CONVERSION = YES;
				CLANG_WARN_COMMA = YES;
				CLANG_WARN_CONSTANT_CONVERSION = YES;
				CLANG_WARN_DEPRECATED_OBJC_IMPLEMENTATIONS = YES;
				CLANG_WARN_DIRECT_OBJC_ISA_USAGE = YES_ERROR;
				CLANG_WARN_DOCUMENTATION_COMMENTS = YES;
				CLANG_WARN_EMPTY_BODY = YES;
				CLANG_WARN_ENUM_CONVERSION = YES;
				CLANG_WARN_INFINITE_RECURSION = YES;
				CLANG_WARN_INT_CONVERSION = YES;
				CLANG_WARN_NON_LITERAL_NULL_CONVERSION = YES;
				CLANG_WARN_OBJC_IMPLICIT_RETAIN_SELF = YES;
				CLANG_WARN_OBJC_LITERAL_CONVERSION = YES;
				CLANG_WARN_OBJC_ROOT_CLASS = YES_ERROR;
				CLANG_WARN_QUOTED_INCLUDE_IN_FRAMEWORK_HEADER = YES;
				CLANG_WARN_RANGE_LOOP_ANALYSIS = YES;
				CLANG_WARN_STRICT_PROTOTYPES = YES;
				CLANG_WARN_SUSPICIOUS_MOVE = YES;
				CLANG_WARN_UNGUARDED_AVAILABILITY = YES_AGGRESSIVE;
				CLANG_WARN_UNREACHABLE_CODE = YES;
				CLANG_WARN__DUPLICATE_METHOD_MATCH = YES;
				COPY_PHASE_STRIP = NO;
				DEBUG_INFORMATION_FORMAT = "dwarf-with-dsym";
				ENABLE_NS_ASSERTIONS = NO;
				ENABLE_STRICT_OBJC_MSGSEND = YES;
				GCC_C_LANGUAGE_STANDARD = gnu11;
				GCC_NO_COMMON_BLOCKS = YES;
				GCC_WARN_64_TO_32_BIT_CONVERSION = YES;
				GCC_WARN_ABOUT_RETURN_TYPE = YES_ERROR;
				GCC_WARN_UNDECLARED_SELECTOR = YES;
				GCC_WARN_UNINITIALIZED_AUTOS = YES_AGGRESSIVE;
				GCC_WARN_UNUSED_FUNCTION = YES;
				GCC_WARN_UNUSED_VARIABLE = YES;
				IPHONEOS_DEPLOYMENT_TARGET = 14.5;
				MTL_ENABLE_DEBUG_INFO = NO;
				MTL_FAST_MATH = YES;
				SDKROOT = iphoneos;
				SWIFT_COMPILATION_MODE = wholemodule;
				SWIFT_OPTIMIZATION_LEVEL = "-O";
				VALIDATE_PRODUCT = YES;
			};
			name = Release;
		};
		668AED5C2758487F0059F7A9 /* Debug */ = {
			isa = XCBuildConfiguration;
			buildSettings = {
				ASSETCATALOG_COMPILER_APPICON_NAME = AppIcon;
				ASSETCATALOG_COMPILER_GLOBAL_ACCENT_COLOR_NAME = AccentColor;
				CODE_SIGN_STYLE = Automatic;
				DEVELOPMENT_ASSET_PATHS = "\"adamsCalcUpdated/Preview Content\"";
				DEVELOPMENT_TEAM = 6SFM579B5E;
				ENABLE_PREVIEWS = YES;
				INFOPLIST_FILE = adamsCalcUpdated/Info.plist;
				IPHONEOS_DEPLOYMENT_TARGET = 14.0;
				LD_RUNPATH_SEARCH_PATHS = (
					"$(inherited)",
					"@executable_path/Frameworks",
				);
				PRODUCT_BUNDLE_IDENTIFIER = design.rdConcepts.adamsCalcUpdated;
				PRODUCT_NAME = "$(TARGET_NAME)";
				SWIFT_VERSION = 5.0;
				TARGETED_DEVICE_FAMILY = "1,2";
			};
			name = Debug;
		};
		668AED5D2758487F0059F7A9 /* Release */ = {
			isa = XCBuildConfiguration;
			buildSettings = {
				ASSETCATALOG_COMPILER_APPICON_NAME = AppIcon;
				ASSETCATALOG_COMPILER_GLOBAL_ACCENT_COLOR_NAME = AccentColor;
				CODE_SIGN_STYLE = Automatic;
				DEVELOPMENT_ASSET_PATHS = "\"adamsCalcUpdated/Preview Content\"";
				DEVELOPMENT_TEAM = 6SFM579B5E;
				ENABLE_PREVIEWS = YES;
				INFOPLIST_FILE = adamsCalcUpdated/Info.plist;
				IPHONEOS_DEPLOYMENT_TARGET = 14.0;
				LD_RUNPATH_SEARCH_PATHS = (
					"$(inherited)",
					"@executable_path/Frameworks",
				);
				PRODUCT_BUNDLE_IDENTIFIER = design.rdConcepts.adamsCalcUpdated;
				PRODUCT_NAME = "$(TARGET_NAME)";
				SWIFT_VERSION = 5.0;
				TARGETED_DEVICE_FAMILY = "1,2";
			};
			name = Release;
		};
/* End XCBuildConfiguration section */

/* Begin XCConfigurationList section */
		668AED472758487D0059F7A9 /* Build configuration list for PBXProject "adamsCalcUpdated" */ = {
			isa = XCConfigurationList;
			buildConfigurations = (
				668AED592758487F0059F7A9 /* Debug */,
				668AED5A2758487F0059F7A9 /* Release */,
			);
			defaultConfigurationIsVisible = 0;
			defaultConfigurationName = Release;
		};
		668AED5B2758487F0059F7A9 /* Build configuration list for PBXNativeTarget "adamsCalcUpdated" */ = {
			isa = XCConfigurationList;
			buildConfigurations = (
				668AED5C2758487F0059F7A9 /* Debug */,
				668AED5D2758487F0059F7A9 /* Release */,
			);
			defaultConfigurationIsVisible = 0;
			defaultConfigurationName = Release;
		};
/* End XCConfigurationList section */
	};
	rootObject = 668AED442758487D0059F7A9 /* Project object */;
}
